// !$*UTF8*$!
{
	archiveVersion = 1;
	classes = {
	};
	objectVersion = 50;
	objects = {

/* Begin PBXBuildFile section */
		ECAE07BC232A97DB001B53DF /* AppDelegate.swift in Sources */ = {isa = PBXBuildFile; fileRef = ECAE07BB232A97DB001B53DF /* AppDelegate.swift */; };
		ECAE07BE232A97DB001B53DF /* ViewController.swift in Sources */ = {isa = PBXBuildFile; fileRef = ECAE07BD232A97DB001B53DF /* ViewController.swift */; };
		ECAE07C1232A97DB001B53DF /* Main.storyboard in Resources */ = {isa = PBXBuildFile; fileRef = ECAE07BF232A97DB001B53DF /* Main.storyboard */; };
		ECAE07C3232A97DC001B53DF /* Assets.xcassets in Resources */ = {isa = PBXBuildFile; fileRef = ECAE07C2232A97DC001B53DF /* Assets.xcassets */; };
		ECAE07C6232A97DC001B53DF /* LaunchScreen.storyboard in Resources */ = {isa = PBXBuildFile; fileRef = ECAE07C4232A97DC001B53DF /* LaunchScreen.storyboard */; };
		ECAE07D1232A97DC001B53DF /* TippyTests.swift in Sources */ = {isa = PBXBuildFile; fileRef = ECAE07D0232A97DC001B53DF /* TippyTests.swift */; };
		ECAE07DC232A97DC001B53DF /* TippyUITests.swift in Sources */ = {isa = PBXBuildFile; fileRef = ECAE07DB232A97DC001B53DF /* TippyUITests.swift */; };
		ECAE0824232AACEC001B53DF /* ViewController.swift in Sources */ = {isa = PBXBuildFile; fileRef = ECAE0823232AACEC001B53DF /* ViewController.swift */; };
/* End PBXBuildFile section */

/* Begin PBXContainerItemProxy section */
		ECAE07CD232A97DC001B53DF /* PBXContainerItemProxy */ = {
			isa = PBXContainerItemProxy;
			containerPortal = ECAE07B0232A97DB001B53DF /* Project object */;
			proxyType = 1;
			remoteGlobalIDString = ECAE07B7232A97DB001B53DF;
			remoteInfo = Tippy;
		};
		ECAE07D8232A97DC001B53DF /* PBXContainerItemProxy */ = {
			isa = PBXContainerItemProxy;
			containerPortal = ECAE07B0232A97DB001B53DF /* Project object */;
			proxyType = 1;
			remoteGlobalIDString = ECAE07B7232A97DB001B53DF;
			remoteInfo = Tippy;
		};
/* End PBXContainerItemProxy section */

/* Begin PBXFileReference section */
		ECAE07B8232A97DB001B53DF /* Tippy.app */ = {isa = PBXFileReference; explicitFileType = wrapper.application; includeInIndex = 0; path = Tippy.app; sourceTree = BUILT_PRODUCTS_DIR; };
		ECAE07BB232A97DB001B53DF /* AppDelegate.swift */ = {isa = PBXFileReference; lastKnownFileType = sourcecode.swift; path = AppDelegate.swift; sourceTree = "<group>"; };
		ECAE07BD232A97DB001B53DF /* ViewController.swift */ = {isa = PBXFileReference; lastKnownFileType = sourcecode.swift; path = ViewController.swift; sourceTree = "<group>"; };
		ECAE07C0232A97DB001B53DF /* Base */ = {isa = PBXFileReference; lastKnownFileType = file.storyboard; name = Base; path = Base.lproj/Main.storyboard; sourceTree = "<group>"; };
		ECAE07C2232A97DC001B53DF /* Assets.xcassets */ = {isa = PBXFileReference; lastKnownFileType = folder.assetcatalog; path = Assets.xcassets; sourceTree = "<group>"; };
		ECAE07C5232A97DC001B53DF /* Base */ = {isa = PBXFileReference; lastKnownFileType = file.storyboard; name = Base; path = Base.lproj/LaunchScreen.storyboard; sourceTree = "<group>"; };
		ECAE07C7232A97DC001B53DF /* Info.plist */ = {isa = PBXFileReference; lastKnownFileType = text.plist.xml; path = Info.plist; sourceTree = "<group>"; };
		ECAE07CC232A97DC001B53DF /* TippyTests.xctest */ = {isa = PBXFileReference; explicitFileType = wrapper.cfbundle; includeInIndex = 0; path = TippyTests.xctest; sourceTree = BUILT_PRODUCTS_DIR; };
		ECAE07D0232A97DC001B53DF /* TippyTests.swift */ = {isa = PBXFileReference; lastKnownFileType = sourcecode.swift; path = TippyTests.swift; sourceTree = "<group>"; };
		ECAE07D2232A97DC001B53DF /* Info.plist */ = {isa = PBXFileReference; lastKnownFileType = text.plist.xml; path = Info.plist; sourceTree = "<group>"; };
		ECAE07D7232A97DC001B53DF /* TippyUITests.xctest */ = {isa = PBXFileReference; explicitFileType = wrapper.cfbundle; includeInIndex = 0; path = TippyUITests.xctest; sourceTree = BUILT_PRODUCTS_DIR; };
		ECAE07DB232A97DC001B53DF /* TippyUITests.swift */ = {isa = PBXFileReference; lastKnownFileType = sourcecode.swift; path = TippyUITests.swift; sourceTree = "<group>"; };
		ECAE07DD232A97DC001B53DF /* Info.plist */ = {isa = PBXFileReference; lastKnownFileType = text.plist.xml; path = Info.plist; sourceTree = "<group>"; };
		ECAE0823232AACEC001B53DF /* ViewController.swift */ = {isa = PBXFileReference; fileEncoding = 4; lastKnownFileType = sourcecode.swift; name = ViewController.swift; path = Tippy/ViewController.swift; sourceTree = "<group>"; };
/* End PBXFileReference section */

/* Begin PBXFrameworksBuildPhase section */
		ECAE07B5232A97DB001B53DF /* Frameworks */ = {
			isa = PBXFrameworksBuildPhase;
			buildActionMask = 2147483647;
			files = (
			);
			runOnlyForDeploymentPostprocessing = 0;
		};
		ECAE07C9232A97DC001B53DF /* Frameworks */ = {
			isa = PBXFrameworksBuildPhase;
			buildActionMask = 2147483647;
			files = (
			);
			runOnlyForDeploymentPostprocessing = 0;
		};
		ECAE07D4232A97DC001B53DF /* Frameworks */ = {
			isa = PBXFrameworksBuildPhase;
			buildActionMask = 2147483647;
			files = (
			);
			runOnlyForDeploymentPostprocessing = 0;
		};
/* End PBXFrameworksBuildPhase section */

/* Begin PBXGroup section */
		ECAE07AF232A97DB001B53DF = {
			isa = PBXGroup;
			children = (
				ECAE0823232AACEC001B53DF /* ViewController.swift */,
				ECAE07BA232A97DB001B53DF /* Tippy */,
				ECAE07CF232A97DC001B53DF /* TippyTests */,
				ECAE07DA232A97DC001B53DF /* TippyUITests */,
				ECAE07B9232A97DB001B53DF /* Products */,
			);
			sourceTree = "<group>";
		};
		ECAE07B9232A97DB001B53DF /* Products */ = {
			isa = PBXGroup;
			children = (
				ECAE07B8232A97DB001B53DF /* Tippy.app */,
				ECAE07CC232A97DC001B53DF /* TippyTests.xctest */,
				ECAE07D7232A97DC001B53DF /* TippyUITests.xctest */,
			);
			name = Products;
			sourceTree = "<group>";
		};
		ECAE07BA232A97DB001B53DF /* Tippy */ = {
			isa = PBXGroup;
			children = (
				ECAE07BB232A97DB001B53DF /* AppDelegate.swift */,
				ECAE07BD232A97DB001B53DF /* ViewController.swift */,
				ECAE07BF232A97DB001B53DF /* Main.storyboard */,
				ECAE07C2232A97DC001B53DF /* Assets.xcassets */,
				ECAE07C4232A97DC001B53DF /* LaunchScreen.storyboard */,
				ECAE07C7232A97DC001B53DF /* Info.plist */,
			);
			path = Tippy;
			sourceTree = "<group>";
		};
		ECAE07CF232A97DC001B53DF /* TippyTests */ = {
			isa = PBXGroup;
			children = (
				ECAE07D0232A97DC001B53DF /* TippyTests.swift */,
				ECAE07D2232A97DC001B53DF /* Info.plist */,
			);
			path = TippyTests;
			sourceTree = "<group>";
		};
		ECAE07DA232A97DC001B53DF /* TippyUITests */ = {
			isa = PBXGroup;
			children = (
				ECAE07DB232A97DC001B53DF /* TippyUITests.swift */,
				ECAE07DD232A97DC001B53DF /* Info.plist */,
			);
			path = TippyUITests;
			sourceTree = "<group>";
		};
/* End PBXGroup section */

/* Begin PBXNativeTarget section */
		ECAE07B7232A97DB001B53DF /* Tippy */ = {
			isa = PBXNativeTarget;
			buildConfigurationList = ECAE07E0232A97DC001B53DF /* Build configuration list for PBXNativeTarget "Tippy" */;
			buildPhases = (
				ECAE07B4232A97DB001B53DF /* Sources */,
				ECAE07B5232A97DB001B53DF /* Frameworks */,
				ECAE07B6232A97DB001B53DF /* Resources */,
			);
			buildRules = (
			);
			dependencies = (
			);
			name = Tippy;
			productName = Tippy;
			productReference = ECAE07B8232A97DB001B53DF /* Tippy.app */;
			productType = "com.apple.product-type.application";
		};
		ECAE07CB232A97DC001B53DF /* TippyTests */ = {
			isa = PBXNativeTarget;
			buildConfigurationList = ECAE07E3232A97DC001B53DF /* Build configuration list for PBXNativeTarget "TippyTests" */;
			buildPhases = (
				ECAE07C8232A97DC001B53DF /* Sources */,
				ECAE07C9232A97DC001B53DF /* Frameworks */,
				ECAE07CA232A97DC001B53DF /* Resources */,
			);
			buildRules = (
			);
			dependencies = (
				ECAE07CE232A97DC001B53DF /* PBXTargetDependency */,
			);
			name = TippyTests;
			productName = TippyTests;
			productReference = ECAE07CC232A97DC001B53DF /* TippyTests.xctest */;
			productType = "com.apple.product-type.bundle.unit-test";
		};
		ECAE07D6232A97DC001B53DF /* TippyUITests */ = {
			isa = PBXNativeTarget;
			buildConfigurationList = ECAE07E6232A97DC001B53DF /* Build configuration list for PBXNativeTarget "TippyUITests" */;
			buildPhases = (
				ECAE07D3232A97DC001B53DF /* Sources */,
				ECAE07D4232A97DC001B53DF /* Frameworks */,
				ECAE07D5232A97DC001B53DF /* Resources */,
			);
			buildRules = (
			);
			dependencies = (
				ECAE07D9232A97DC001B53DF /* PBXTargetDependency */,
			);
			name = TippyUITests;
			productName = TippyUITests;
			productReference = ECAE07D7232A97DC001B53DF /* TippyUITests.xctest */;
			productType = "com.apple.product-type.bundle.ui-testing";
		};
/* End PBXNativeTarget section */

/* Begin PBXProject section */
		ECAE07B0232A97DB001B53DF /* Project object */ = {
			isa = PBXProject;
			attributes = {
				LastSwiftUpdateCheck = 1020;
				LastUpgradeCheck = 1020;
				ORGANIZATIONNAME = "Apple Inc.";
				TargetAttributes = {
					ECAE07B7232A97DB001B53DF = {
						CreatedOnToolsVersion = 10.2.1;
					};
					ECAE07CB232A97DC001B53DF = {
						CreatedOnToolsVersion = 10.2.1;
						TestTargetID = ECAE07B7232A97DB001B53DF;
					};
					ECAE07D6232A97DC001B53DF = {
						CreatedOnToolsVersion = 10.2.1;
						TestTargetID = ECAE07B7232A97DB001B53DF;
					};
				};
			};
			buildConfigurationList = ECAE07B3232A97DB001B53DF /* Build configuration list for PBXProject "Tippy" */;
			compatibilityVersion = "Xcode 9.3";
			developmentRegion = en;
			hasScannedForEncodings = 0;
			knownRegions = (
				en,
				Base,
			);
			mainGroup = ECAE07AF232A97DB001B53DF;
			productRefGroup = ECAE07B9232A97DB001B53DF /* Products */;
			projectDirPath = "";
			projectRoot = "";
			targets = (
				ECAE07B7232A97DB001B53DF /* Tippy */,
				ECAE07CB232A97DC001B53DF /* TippyTests */,
				ECAE07D6232A97DC001B53DF /* TippyUITests */,
			);
		};
/* End PBXProject section */

/* Begin PBXResourcesBuildPhase section */
		ECAE07B6232A97DB001B53DF /* Resources */ = {
			isa = PBXResourcesBuildPhase;
			buildActionMask = 2147483647;
			files = (
				ECAE07C6232A97DC001B53DF /* LaunchScreen.storyboard in Resources */,
				ECAE07C3232A97DC001B53DF /* Assets.xcassets in Resources */,
				ECAE07C1232A97DB001B53DF /* Main.storyboard in Resources */,
			);
			runOnlyForDeploymentPostprocessing = 0;
		};
		ECAE07CA232A97DC001B53DF /* Resources */ = {
			isa = PBXResourcesBuildPhase;
			buildActionMask = 2147483647;
			files = (
			);
			runOnlyForDeploymentPostprocessing = 0;
		};
		ECAE07D5232A97DC001B53DF /* Resources */ = {
			isa = PBXResourcesBuildPhase;
			buildActionMask = 2147483647;
			files = (
			);
			runOnlyForDeploymentPostprocessing = 0;
		};
/* End PBXResourcesBuildPhase section */

/* Begin PBXSourcesBuildPhase section */
		ECAE07B4232A97DB001B53DF /* Sources */ = {
			isa = PBXSourcesBuildPhase;
			buildActionMask = 2147483647;
			files = (
				ECAE0824232AACEC001B53DF /* ViewController.swift in Sources */,
				ECAE07BE232A97DB001B53DF /* ViewController.swift in Sources */,
				ECAE07BC232A97DB001B53DF /* AppDelegate.swift in Sources */,
			);
			runOnlyForDeploymentPostprocessing = 0;
		};
		ECAE07C8232A97DC001B53DF /* Sources */ = {
			isa = PBXSourcesBuildPhase;
			buildActionMask = 2147483647;
			files = (
				ECAE07D1232A97DC001B53DF /* TippyTests.swift in Sources */,
			);
			runOnlyForDeploymentPostprocessing = 0;
		};
		ECAE07D3232A97DC001B53DF /* Sources */ = {
			isa = PBXSourcesBuildPhase;
			buildActionMask = 2147483647;
			files = (
				ECAE07DC232A97DC001B53DF /* TippyUITests.swift in Sources */,
			);
			runOnlyForDeploymentPostprocessing = 0;
		};
/* End PBXSourcesBuildPhase section */

/* Begin PBXTargetDependency section */
		ECAE07CE232A97DC001B53DF /* PBXTargetDependency */ = {
			isa = PBXTargetDependency;
			target = ECAE07B7232A97DB001B53DF /* Tippy */;
			targetProxy = ECAE07CD232A97DC001B53DF /* PBXContainerItemProxy */;
		};
		ECAE07D9232A97DC001B53DF /* PBXTargetDependency */ = {
			isa = PBXTargetDependency;
			target = ECAE07B7232A97DB001B53DF /* Tippy */;
			targetProxy = ECAE07D8232A97DC001B53DF /* PBXContainerItemProxy */;
		};
/* End PBXTargetDependency section */

/* Begin PBXVariantGroup section */
		ECAE07BF232A97DB001B53DF /* Main.storyboard */ = {
			isa = PBXVariantGroup;
			children = (
				ECAE07C0232A97DB001B53DF /* Base */,
			);
			name = Main.storyboard;
			sourceTree = "<group>";
		};
		ECAE07C4232A97DC001B53DF /* LaunchScreen.storyboard */ = {
			isa = PBXVariantGroup;
			children = (
				ECAE07C5232A97DC001B53DF /* Base */,
			);
			name = LaunchScreen.storyboard;
			sourceTree = "<group>";
		};
/* End PBXVariantGroup section */

/* Begin XCBuildConfiguration section */
		ECAE07DE232A97DC001B53DF /* Debug */ = {
			isa = XCBuildConfiguration;
			buildSettings = {
				ALWAYS_SEARCH_USER_PATHS = NO;
				CLANG_ANALYZER_NONNULL = YES;
				CLANG_ANALYZER_NUMBER_OBJECT_CONVERSION = YES_AGGRESSIVE;
				CLANG_CXX_LANGUAGE_STANDARD = "gnu++14";
				CLANG_CXX_LIBRARY = "libc++";
				CLANG_ENABLE_MODULES = YES;
				CLANG_ENABLE_OBJC_ARC = YES;
				CLANG_ENABLE_OBJC_WEAK = YES;
				CLANG_WARN_BLOCK_CAPTURE_AUTORELEASING = YES;
				CLANG_WARN_BOOL_CONVERSION = YES;
				CLANG_WARN_COMMA = YES;
				CLANG_WARN_CONSTANT_CONVERSION = YES;
				CLANG_WARN_DEPRECATED_OBJC_IMPLEMENTATIONS = YES;
				CLANG_WARN_DIRECT_OBJC_ISA_USAGE = YES_ERROR;
				CLANG_WARN_DOCUMENTATION_COMMENTS = YES;
				CLANG_WARN_EMPTY_BODY = YES;
				CLANG_WARN_ENUM_CONVERSION = YES;
				CLANG_WARN_INFINITE_RECURSION = YES;
				CLANG_WARN_INT_CONVERSION = YES;
				CLANG_WARN_NON_LITERAL_NULL_CONVERSION = YES;
				CLANG_WARN_OBJC_IMPLICIT_RETAIN_SELF = YES;
				CLANG_WARN_OBJC_LITERAL_CONVERSION = YES;
				CLANG_WARN_OBJC_ROOT_CLASS = YES_ERROR;
				CLANG_WARN_RANGE_LOOP_ANALYSIS = YES;
				CLANG_WARN_STRICT_PROTOTYPES = YES;
				CLANG_WARN_SUSPICIOUS_MOVE = YES;
				CLANG_WARN_UNGUARDED_AVAILABILITY = YES_AGGRESSIVE;
				CLANG_WARN_UNREACHABLE_CODE = YES;
				CLANG_WARN__DUPLICATE_METHOD_MATCH = YES;
				CODE_SIGN_IDENTITY = "iPhone Developer";
				COPY_PHASE_STRIP = NO;
				DEBUG_INFORMATION_FORMAT = dwarf;
				ENABLE_STRICT_OBJC_MSGSEND = YES;
				ENABLE_TESTABILITY = YES;
				GCC_C_LANGUAGE_STANDARD = gnu11;
				GCC_DYNAMIC_NO_PIC = NO;
				GCC_NO_COMMON_BLOCKS = YES;
				GCC_OPTIMIZATION_LEVEL = 0;
				GCC_PREPROCESSOR_DEFINITIONS = (
					"DEBUG=1",
					"$(inherited)",
				);
				GCC_WARN_64_TO_32_BIT_CONVERSION = YES;
				GCC_WARN_ABOUT_RETURN_TYPE = YES_ERROR;
				GCC_WARN_UNDECLARED_SELECTOR = YES;
				GCC_WARN_UNINITIALIZED_AUTOS = YES_AGGRESSIVE;
				GCC_WARN_UNUSED_FUNCTION = YES;
				GCC_WARN_UNUSED_VARIABLE = YES;
				IPHONEOS_DEPLOYMENT_TARGET = 12.2;
				MTL_ENABLE_DEBUG_INFO = INCLUDE_SOURCE;
				MTL_FAST_MATH = YES;
				ONLY_ACTIVE_ARCH = YES;
				SDKROOT = iphoneos;
				SWIFT_ACTIVE_COMPILATION_CONDITIONS = DEBUG;
				SWIFT_OPTIMIZATION_LEVEL = "-Onone";
			};
			name = Debug;
		};
		ECAE07DF232A97DC001B53DF /* Release */ = {
			isa = XCBuildConfiguration;
			buildSettings = {
				ALWAYS_SEARCH_USER_PATHS = NO;
				CLANG_ANALYZER_NONNULL = YES;
				CLANG_ANALYZER_NUMBER_OBJECT_CONVERSION = YES_AGGRESSIVE;
				CLANG_CXX_LANGUAGE_STANDARD = "gnu++14";
				CLANG_CXX_LIBRARY = "libc++";
				CLANG_ENABLE_MODULES = YES;
				CLANG_ENABLE_OBJC_ARC = YES;
				CLANG_ENABLE_OBJC_WEAK = YES;
				CLANG_WARN_BLOCK_CAPTURE_AUTORELEASING = YES;
				CLANG_WARN_BOOL_CONVERSION = YES;
				CLANG_WARN_COMMA = YES;
				CLANG_WARN_CONSTANT_CONVERSION = YES;
				CLANG_WARN_DEPRECATED_OBJC_IMPLEMENTATIONS = YES;
				CLANG_WARN_DIRECT_OBJC_ISA_USAGE = YES_ERROR;
				CLANG_WARN_DOCUMENTATION_COMMENTS = YES;
				CLANG_WARN_EMPTY_BODY = YES;
				CLANG_WARN_ENUM_CONVERSION = YES;
				CLANG_WARN_INFINITE_RECURSION = YES;
				CLANG_WARN_INT_CONVERSION = YES;
				CLANG_WARN_NON_LITERAL_NULL_CONVERSION = YES;
				CLANG_WARN_OBJC_IMPLICIT_RETAIN_SELF = YES;
				CLANG_WARN_OBJC_LITERAL_CONVERSION = YES;
				CLANG_WARN_OBJC_ROOT_CLASS = YES_ERROR;
				CLANG_WARN_RANGE_LOOP_ANALYSIS = YES;
				CLANG_WARN_STRICT_PROTOTYPES = YES;
				CLANG_WARN_SUSPICIOUS_MOVE = YES;
				CLANG_WARN_UNGUARDED_AVAILABILITY = YES_AGGRESSIVE;
				CLANG_WARN_UNREACHABLE_CODE = YES;
				CLANG_WARN__DUPLICATE_METHOD_MATCH = YES;
				CODE_SIGN_IDENTITY = "iPhone Developer";
				COPY_PHASE_STRIP = NO;
				DEBUG_INFORMATION_FORMAT = "dwarf-with-dsym";
				ENABLE_NS_ASSERTIONS = NO;
				ENABLE_STRICT_OBJC_MSGSEND = YES;
				GCC_C_LANGUAGE_STANDARD = gnu11;
				GCC_NO_COMMON_BLOCKS = YES;
				GCC_WARN_64_TO_32_BIT_CONVERSION = YES;
				GCC_WARN_ABOUT_RETURN_TYPE = YES_ERROR;
				GCC_WARN_UNDECLARED_SELECTOR = YES;
				GCC_WARN_UNINITIALIZED_AUTOS = YES_AGGRESSIVE;
				GCC_WARN_UNUSED_FUNCTION = YES;
				GCC_WARN_UNUSED_VARIABLE = YES;
				IPHONEOS_DEPLOYMENT_TARGET = 12.2;
				MTL_ENABLE_DEBUG_INFO = NO;
				MTL_FAST_MATH = YES;
				SDKROOT = iphoneos;
				SWIFT_COMPILATION_MODE = wholemodule;
				SWIFT_OPTIMIZATION_LEVEL = "-O";
				VALIDATE_PRODUCT = YES;
			};
			name = Release;
		};
		ECAE07E1232A97DC001B53DF /* Debug */ = {
			isa = XCBuildConfiguration;
			buildSettings = {
				ASSETCATALOG_COMPILER_APPICON_NAME = AppIcon;
				CODE_SIGN_STYLE = Automatic;
				INFOPLIST_FILE = Tippy/Info.plist;
				LD_RUNPATH_SEARCH_PATHS = (
					"$(inherited)",
					"@executable_path/Frameworks",
				);
				PRODUCT_BUNDLE_IDENTIFIER = com.example.Tippy;
				PRODUCT_NAME = "$(TARGET_NAME)";
				SWIFT_VERSION = 5.0;
				TARGETED_DEVICE_FAMILY = "1,2";
			};
			name = Debug;
		};
		ECAE07E2232A97DC001B53DF /* Release */ = {
			isa = XCBuildConfiguration;
			buildSettings = {
				ASSETCATALOG_COMPILER_APPICON_NAME = AppIcon;
				CODE_SIGN_STYLE = Automatic;
				INFOPLIST_FILE = Tippy/Info.plist;
				LD_RUNPATH_SEARCH_PATHS = (
					"$(inherited)",
					"@executable_path/Frameworks",
				);
				PRODUCT_BUNDLE_IDENTIFIER = com.example.Tippy;
				PRODUCT_NAME = "$(TARGET_NAME)";
				SWIFT_VERSION = 5.0;
				TARGETED_DEVICE_FAMILY = "1,2";
			};
			name = Release;
		};
		ECAE07E4232A97DC001B53DF /* Debug */ = {
			isa = XCBuildConfiguration;
			buildSettings = {
				ALWAYS_EMBED_SWIFT_STANDARD_LIBRARIES = YES;
				BUNDLE_LOADER = "$(TEST_HOST)";
				CODE_SIGN_STYLE = Automatic;
				INFOPLIST_FILE = TippyTests/Info.plist;
				LD_RUNPATH_SEARCH_PATHS = (
					"$(inherited)",
					"@executable_path/Frameworks",
					"@loader_path/Frameworks",
				);
				PRODUCT_BUNDLE_IDENTIFIER = com.example.TippyTests;
				PRODUCT_NAME = "$(TARGET_NAME)";
				SWIFT_VERSION = 5.0;
				TARGETED_DEVICE_FAMILY = "1,2";
				TEST_HOST = "$(BUILT_PRODUCTS_DIR)/Tippy.app/Tippy";
			};
			name = Debug;
		};
		ECAE07E5232A97DC001B53DF /* Release */ = {
			isa = XCBuildConfiguration;
			buildSettings = {
				ALWAYS_EMBED_SWIFT_STANDARD_LIBRARIES = YES;
				BUNDLE_LOADER = "$(TEST_HOST)";
				CODE_SIGN_STYLE = Automatic;
				INFOPLIST_FILE = TippyTests/Info.plist;
				LD_RUNPATH_SEARCH_PATHS = (
					"$(inherited)",
					"@executable_path/Frameworks",
					"@loader_path/Frameworks",
				);
				PRODUCT_BUNDLE_IDENTIFIER = com.example.TippyTests;
				PRODUCT_NAME = "$(TARGET_NAME)";
				SWIFT_VERSION = 5.0;
				TARGETED_DEVICE_FAMILY = "1,2";
				TEST_HOST = "$(BUILT_PRODUCTS_DIR)/Tippy.app/Tippy";
			};
			name = Release;
		};
		ECAE07E7232A97DC001B53DF /* Debug */ = {
			isa = XCBuildConfiguration;
			buildSettings = {
				ALWAYS_EMBED_SWIFT_STANDARD_LIBRARIES = YES;
				CODE_SIGN_STYLE = Automatic;
				INFOPLIST_FILE = TippyUITests/Info.plist;
				LD_RUNPATH_SEARCH_PATHS = (
					"$(inherited)",
					"@executable_path/Frameworks",
					"@loader_path/Frameworks",
				);
				PRODUCT_BUNDLE_IDENTIFIER = com.example.TippyUITests;
				PRODUCT_NAME = "$(TARGET_NAME)";
				SWIFT_VERSION = 5.0;
				TARGETED_DEVICE_FAMILY = "1,2";
				TEST_TARGET_NAME = Tippy;
			};
			name = Debug;
		};
		ECAE07E8232A97DC001B53DF /* Release */ = {
			isa = XCBuildConfiguration;
			buildSettings = {
				ALWAYS_EMBED_SWIFT_STANDARD_LIBRARIES = YES;
				CODE_SIGN_STYLE = Automatic;
				INFOPLIST_FILE = TippyUITests/Info.plist;
				LD_RUNPATH_SEARCH_PATHS = (
					"$(inherited)",
					"@executable_path/Frameworks",
					"@loader_path/Frameworks",
				);
				PRODUCT_BUNDLE_IDENTIFIER = com.example.TippyUITests;
				PRODUCT_NAME = "$(TARGET_NAME)";
				SWIFT_VERSION = 5.0;
				TARGETED_DEVICE_FAMILY = "1,2";
				TEST_TARGET_NAME = Tippy;
			};
			name = Release;
		};
/* End XCBuildConfiguration section */

/* Begin XCConfigurationList section */
		ECAE07B3232A97DB001B53DF /* Build configuration list for PBXProject "Tippy" */ = {
			isa = XCConfigurationList;
			buildConfigurations = (
				ECAE07DE232A97DC001B53DF /* Debug */,
				ECAE07DF232A97DC001B53DF /* Release */,
			);
			defaultConfigurationIsVisible = 0;
			defaultConfigurationName = Release;
		};
		ECAE07E0232A97DC001B53DF /* Build configuration list for PBXNativeTarget "Tippy" */ = {
			isa = XCConfigurationList;
			buildConfigurations = (
				ECAE07E1232A97DC001B53DF /* Debug */,
				ECAE07E2232A97DC001B53DF /* Release */,
			);
			defaultConfigurationIsVisible = 0;
			defaultConfigurationName = Release;
		};
		ECAE07E3232A97DC001B53DF /* Build configuration list for PBXNativeTarget "TippyTests" */ = {
			isa = XCConfigurationList;
			buildConfigurations = (
				ECAE07E4232A97DC001B53DF /* Debug */,
				ECAE07E5232A97DC001B53DF /* Release */,
			);
			defaultConfigurationIsVisible = 0;
			defaultConfigurationName = Release;
		};
		ECAE07E6232A97DC001B53DF /* Build configuration list for PBXNativeTarget "TippyUITests" */ = {
			isa = XCConfigurationList;
			buildConfigurations = (
				ECAE07E7232A97DC001B53DF /* Debug */,
				ECAE07E8232A97DC001B53DF /* Release */,
			);
			defaultConfigurationIsVisible = 0;
			defaultConfigurationName = Release;
		};
/* End XCConfigurationList section */
	};
	rootObject = ECAE07B0232A97DB001B53DF /* Project object */;
}
